Microsoft Visual Studio Solution File, Format Version 12.00
# Visual Studio 2012
Project("{FAE04EC0-301F-11D3-BF4B-00C04F79EFBC}") = "RPG_try_2025", "RPG_try_2025.csproj", "{CBDB375B-3129-42C7-B2BA-13C71D47AE2B}"
EndProject
Global
	GlobalSection(SolutionConfigurationPlatforms) = preSolution
	Debug|Any CPU = Debug|Any CPU
	ExportDebug|Any CPU = ExportDebug|Any CPU
	ExportRelease|Any CPU = ExportRelease|Any CPU
	EndGlobalSection
	GlobalSection(ProjectConfigurationPlatforms) = postSolution
		{CBDB375B-3129-42C7-B2BA-13C71D47AE2B}.Debug|Any CPU.ActiveCfg = Debug|Any CPU
		{CBDB375B-3129-42C7-B2BA-13C71D47AE2B}.Debug|Any CPU.Build.0 = Debug|Any CPU
		{CBDB375B-3129-42C7-B2BA-13C71D47AE2B}.ExportDebug|Any CPU.ActiveCfg = ExportDebug|Any CPU
		{CBDB375B-3129-42C7-B2BA-13C71D47AE2B}.ExportDebug|Any CPU.Build.0 = ExportDebug|Any CPU
		{CBDB375B-3129-42C7-B2BA-13C71D47AE2B}.ExportRelease|Any CPU.ActiveCfg = ExportRelease|Any CPU
		{CBDB375B-3129-42C7-B2BA-13C71D47AE2B}.ExportRelease|Any CPU.Build.0 = ExportRelease|Any CPU
	EndGlobalSection
EndGlobal
